
Microsoft Visual Studio Solution File, Format Version 12.00
# Visual Studio Version 16
VisualStudioVersion = 16.0.30309.148
MinimumVisualStudioVersion = 10.0.40219.1
Project("{FAE04EC0-301F-11D3-BF4B-00C04F79EFBC}") = "NewTestApp", "NewTestApp\NewTestApp.csproj", "{F3A0B636-6E2B-47C4-A06B-A17EE4A5A934}"
EndProject
Global
	GlobalSection(SolutionConfigurationPlatforms) = preSolution
		Debug|Any CPU = Debug|Any CPU
		Release|Any CPU = Release|Any CPU
	EndGlobalSection
	GlobalSection(ProjectConfigurationPlatforms) = postSolution
		{F3A0B636-6E2B-47C4-A06B-A17EE4A5A934}.Debug|Any CPU.ActiveCfg = Debug|Any CPU
		{F3A0B636-6E2B-47C4-A06B-A17EE4A5A934}.Debug|Any CPU.Build.0 = Debug|Any CPU
		{F3A0B636-6E2B-47C4-A06B-A17EE4A5A934}.Release|Any CPU.ActiveCfg = Release|Any CPU
		{F3A0B636-6E2B-47C4-A06B-A17EE4A5A934}.Release|Any CPU.Build.0 = Release|Any CPU
	EndGlobalSection
	GlobalSection(SolutionProperties) = preSolution
		HideSolutionNode = FALSE
	EndGlobalSection
	GlobalSection(ExtensibilityGlobals) = postSolution
		SolutionGuid = {792B4BB0-2E68-4A0B-B99E-FC12AF002242}
	EndGlobalSection
EndGlobal
